
Microsoft Visual Studio Solution File, Format Version 12.00
# Visual Studio Version 17
VisualStudioVersion = 17.10.35013.160
MinimumVisualStudioVersion = 10.0.40219.1
Project("{FAE04EC0-301F-11D3-BF4B-00C04F79EFBC}") = "Rabanut", "Rabanut\Rabanut.csproj", "{B8AB3EC7-C838-4936-A2F5-0BD63CC89224}"
EndProject
Global
	GlobalSection(SolutionConfigurationPlatforms) = preSolution
		Debug|Any CPU = Debug|Any CPU
		Release|Any CPU = Release|Any CPU
	EndGlobalSection
	GlobalSection(ProjectConfigurationPlatforms) = postSolution
		{B8AB3EC7-C838-4936-A2F5-0BD63CC89224}.Debug|Any CPU.ActiveCfg = Debug|Any CPU
		{B8AB3EC7-C838-4936-A2F5-0BD63CC89224}.Debug|Any CPU.Build.0 = Debug|Any CPU
		{B8AB3EC7-C838-4936-A2F5-0BD63CC89224}.Release|Any CPU.ActiveCfg = Release|Any CPU
		{B8AB3EC7-C838-4936-A2F5-0BD63CC89224}.Release|Any CPU.Build.0 = Release|Any CPU
	EndGlobalSection
	GlobalSection(SolutionProperties) = preSolution
		HideSolutionNode = FALSE
	EndGlobalSection
	GlobalSection(ExtensibilityGlobals) = postSolution
		SolutionGuid = {63F64B85-3694-4546-AE8D-0E48FFE44A64}
	EndGlobalSection
EndGlobal
